
Microsoft Visual Studio Solution File, Format Version 12.00
# Visual Studio Version 17
VisualStudioVersion = 17.14.36301.6 d17.14
MinimumVisualStudioVersion = 10.0.40219.1
Project("{FAE04EC0-301F-11D3-BF4B-00C04F79EFBC}") = "SKWebTech", "SKWebTech\SKWebTech.csproj", "{B236E86C-CF43-486B-AF09-D6ADC5CE9550}"
EndProject
Global
	GlobalSection(SolutionConfigurationPlatforms) = preSolution
		Debug|Any CPU = Debug|Any CPU
		Release|Any CPU = Release|Any CPU
	EndGlobalSection
	GlobalSection(ProjectConfigurationPlatforms) = postSolution
		{B236E86C-CF43-486B-AF09-D6ADC5CE9550}.Debug|Any CPU.ActiveCfg = Debug|Any CPU
		{B236E86C-CF43-486B-AF09-D6ADC5CE9550}.Debug|Any CPU.Build.0 = Debug|Any CPU
		{B236E86C-CF43-486B-AF09-D6ADC5CE9550}.Release|Any CPU.ActiveCfg = Release|Any CPU
		{B236E86C-CF43-486B-AF09-D6ADC5CE9550}.Release|Any CPU.Build.0 = Release|Any CPU
	EndGlobalSection
	GlobalSection(SolutionProperties) = preSolution
		HideSolutionNode = FALSE
	EndGlobalSection
	GlobalSection(ExtensibilityGlobals) = postSolution
		SolutionGuid = {4E331EA4-DD1F-4EDF-9647-9FDCEB07FE02}
	EndGlobalSection
EndGlobal
